
Microsoft Visual Studio Solution File, Format Version 12.00
# Visual Studio 15
VisualStudioVersion = 15.0.28307.1267
MinimumVisualStudioVersion = 10.0.40219.1
Project("{FAE04EC0-301F-11D3-BF4B-00C04F79EFBC}") = "Web_MVC", "Web_MVC\Web_MVC.csproj", "{05A66F64-2726-4DD4-80CD-D21B6414E008}"
EndProject
Global
	GlobalSection(SolutionConfigurationPlatforms) = preSolution
		Debug|Any CPU = Debug|Any CPU
		Release|Any CPU = Release|Any CPU
	EndGlobalSection
	GlobalSection(ProjectConfigurationPlatforms) = postSolution
		{05A66F64-2726-4DD4-80CD-D21B6414E008}.Debug|Any CPU.ActiveCfg = Debug|Any CPU
		{05A66F64-2726-4DD4-80CD-D21B6414E008}.Debug|Any CPU.Build.0 = Debug|Any CPU
		{05A66F64-2726-4DD4-80CD-D21B6414E008}.Release|Any CPU.ActiveCfg = Release|Any CPU
		{05A66F64-2726-4DD4-80CD-D21B6414E008}.Release|Any CPU.Build.0 = Release|Any CPU
	EndGlobalSection
	GlobalSection(SolutionProperties) = preSolution
		HideSolutionNode = FALSE
	EndGlobalSection
	GlobalSection(ExtensibilityGlobals) = postSolution
		SolutionGuid = {8468FC7A-B2B4-4A3C-A235-2D3EDC6E1CBD}
	EndGlobalSection
EndGlobal
